
Microsoft Visual Studio Solution File, Format Version 12.00
# Visual Studio Version 17
VisualStudioVersion = 17.6.33815.320
MinimumVisualStudioVersion = 10.0.40219.1
Project("{FAE04EC0-301F-11D3-BF4B-00C04F79EFBC}") = "exam", "exam\exam.csproj", "{D775A9F2-FFC9-4487-B3F0-38526B332C78}"
EndProject
Global
	GlobalSection(SolutionConfigurationPlatforms) = preSolution
		Debug|Any CPU = Debug|Any CPU
		Release|Any CPU = Release|Any CPU
	EndGlobalSection
	GlobalSection(ProjectConfigurationPlatforms) = postSolution
		{D775A9F2-FFC9-4487-B3F0-38526B332C78}.Debug|Any CPU.ActiveCfg = Debug|Any CPU
		{D775A9F2-FFC9-4487-B3F0-38526B332C78}.Debug|Any CPU.Build.0 = Debug|Any CPU
		{D775A9F2-FFC9-4487-B3F0-38526B332C78}.Release|Any CPU.ActiveCfg = Release|Any CPU
		{D775A9F2-FFC9-4487-B3F0-38526B332C78}.Release|Any CPU.Build.0 = Release|Any CPU
	EndGlobalSection
	GlobalSection(SolutionProperties) = preSolution
		HideSolutionNode = FALSE
	EndGlobalSection
	GlobalSection(ExtensibilityGlobals) = postSolution
		SolutionGuid = {0A2C2EEB-AD06-47CC-974E-9B3A2F3D2471}
	EndGlobalSection
EndGlobal
